
Microsoft Visual Studio Solution File, Format Version 12.00
# Visual Studio Version 16
VisualStudioVersion = 16.0.808.0
MinimumVisualStudioVersion = 10.0.40219.1
Project("{FAE04EC0-301F-11D3-BF4B-00C04F79EFBC}") = "WineWeb", "WineWeb\WineWeb.csproj", "{18F7B0F1-374B-4EB1-93D4-F59D8C25823E}"
EndProject
Project("{FAE04EC0-301F-11D3-BF4B-00C04F79EFBC}") = "Catalog", "Catalog\Catalog.csproj", "{A836A043-CCDD-471C-BC7F-F7B7A4B24522}"
EndProject
Project("{E53339B2-1760-4266-BCC7-CA923CBCF16C}") = "docker-compose", "docker-compose.dcproj", "{6D0DC27D-29F8-46A2-BEBD-F26BBB0094C7}"
EndProject
Global
	GlobalSection(SolutionConfigurationPlatforms) = preSolution
		Debug|Any CPU = Debug|Any CPU
		Release|Any CPU = Release|Any CPU
	EndGlobalSection
	GlobalSection(ProjectConfigurationPlatforms) = postSolution
		{18F7B0F1-374B-4EB1-93D4-F59D8C25823E}.Debug|Any CPU.ActiveCfg = Debug|Any CPU
		{18F7B0F1-374B-4EB1-93D4-F59D8C25823E}.Debug|Any CPU.Build.0 = Debug|Any CPU
		{18F7B0F1-374B-4EB1-93D4-F59D8C25823E}.Release|Any CPU.ActiveCfg = Release|Any CPU
		{18F7B0F1-374B-4EB1-93D4-F59D8C25823E}.Release|Any CPU.Build.0 = Release|Any CPU
		{A836A043-CCDD-471C-BC7F-F7B7A4B24522}.Debug|Any CPU.ActiveCfg = Debug|Any CPU
		{A836A043-CCDD-471C-BC7F-F7B7A4B24522}.Debug|Any CPU.Build.0 = Debug|Any CPU
		{A836A043-CCDD-471C-BC7F-F7B7A4B24522}.Release|Any CPU.ActiveCfg = Release|Any CPU
		{A836A043-CCDD-471C-BC7F-F7B7A4B24522}.Release|Any CPU.Build.0 = Release|Any CPU
		{6D0DC27D-29F8-46A2-BEBD-F26BBB0094C7}.Debug|Any CPU.ActiveCfg = Debug|Any CPU
		{6D0DC27D-29F8-46A2-BEBD-F26BBB0094C7}.Debug|Any CPU.Build.0 = Debug|Any CPU
		{6D0DC27D-29F8-46A2-BEBD-F26BBB0094C7}.Release|Any CPU.ActiveCfg = Release|Any CPU
		{6D0DC27D-29F8-46A2-BEBD-F26BBB0094C7}.Release|Any CPU.Build.0 = Release|Any CPU
	EndGlobalSection
	GlobalSection(SolutionProperties) = preSolution
		HideSolutionNode = FALSE
	EndGlobalSection
	GlobalSection(ExtensibilityGlobals) = postSolution
		SolutionGuid = {A2DB27C9-7FFE-43F6-9F84-71F437FB20FA}
	EndGlobalSection
EndGlobal
